
Microsoft Visual Studio Solution File, Format Version 12.00
# Visual Studio 14
VisualStudioVersion = 14.0.22823.1
MinimumVisualStudioVersion = 10.0.40219.1
Project("{FAE04EC0-301F-11D3-BF4B-00C04F79EFBC}") = "BiffLib", "BiffLib\BiffLib.csproj", "{13952401-9114-4517-BE0B-530908AFC2F1}"
EndProject
Project("{FAE04EC0-301F-11D3-BF4B-00C04F79EFBC}") = "unbiff", "unbiff\unbiff.csproj", "{F715A36D-65C8-4356-AD6C-B16D9D4828C5}"
EndProject
Global
	GlobalSection(SolutionConfigurationPlatforms) = preSolution
		Debug|Any CPU = Debug|Any CPU
		Release|Any CPU = Release|Any CPU
	EndGlobalSection
	GlobalSection(ProjectConfigurationPlatforms) = postSolution
		{13952401-9114-4517-BE0B-530908AFC2F1}.Debug|Any CPU.ActiveCfg = Debug|Any CPU
		{13952401-9114-4517-BE0B-530908AFC2F1}.Debug|Any CPU.Build.0 = Debug|Any CPU
		{13952401-9114-4517-BE0B-530908AFC2F1}.Release|Any CPU.ActiveCfg = Release|Any CPU
		{13952401-9114-4517-BE0B-530908AFC2F1}.Release|Any CPU.Build.0 = Release|Any CPU
		{F715A36D-65C8-4356-AD6C-B16D9D4828C5}.Debug|Any CPU.ActiveCfg = Debug|Any CPU
		{F715A36D-65C8-4356-AD6C-B16D9D4828C5}.Debug|Any CPU.Build.0 = Debug|Any CPU
		{F715A36D-65C8-4356-AD6C-B16D9D4828C5}.Release|Any CPU.ActiveCfg = Release|Any CPU
		{F715A36D-65C8-4356-AD6C-B16D9D4828C5}.Release|Any CPU.Build.0 = Release|Any CPU
	EndGlobalSection
	GlobalSection(SolutionProperties) = preSolution
		HideSolutionNode = FALSE
	EndGlobalSection
EndGlobal
